
Microsoft Visual Studio Solution File, Format Version 12.00
# Visual Studio Version 16
VisualStudioVersion = 16.0.30204.135
MinimumVisualStudioVersion = 10.0.40219.1
Project("{FAE04EC0-301F-11D3-BF4B-00C04F79EFBC}") = "CBat", "CBat.csproj", "{934A5BC9-BC10-43E1-BC52-B4A54CBBD120}"
EndProject
Global
	GlobalSection(SolutionConfigurationPlatforms) = preSolution
		Debug|Any CPU = Debug|Any CPU
		Release|Any CPU = Release|Any CPU
	EndGlobalSection
	GlobalSection(ProjectConfigurationPlatforms) = postSolution
		{934A5BC9-BC10-43E1-BC52-B4A54CBBD120}.Debug|Any CPU.ActiveCfg = Debug|Any CPU
		{934A5BC9-BC10-43E1-BC52-B4A54CBBD120}.Debug|Any CPU.Build.0 = Debug|Any CPU
		{934A5BC9-BC10-43E1-BC52-B4A54CBBD120}.Release|Any CPU.ActiveCfg = Release|Any CPU
		{934A5BC9-BC10-43E1-BC52-B4A54CBBD120}.Release|Any CPU.Build.0 = Release|Any CPU
	EndGlobalSection
	GlobalSection(SolutionProperties) = preSolution
		HideSolutionNode = FALSE
	EndGlobalSection
	GlobalSection(ExtensibilityGlobals) = postSolution
		SolutionGuid = {ECAF7F48-12C3-4FE0-A777-E4744BBC4D92}
	EndGlobalSection
EndGlobal
